{
  "name": "nested-tunnel",
  "version": "0.0.1",
  "lockfileVersion": 1,
  "requires": true,
  "dependencies": {
    "@stencil/core": {
      "version": "1.7.3",
      "resolved": "https://zuora.jfrog.io/zuora/api/npm/zuora-npm/@stencil/core/-/core-1.7.3.tgz",
      "integrity": "sha1-/8Z/5Ba8JMvV5KOiyY4v3/MkJN0=",
      "dev": true,
      "requires": {
        "typescript": "3.6.3"
      }
    },
    "@stencil/state-tunnel": {
      "version": "1.0.1",
      "resolved": "https://zuora.jfrog.io/zuora/api/npm/zuora-npm/@stencil/state-tunnel/-/state-tunnel-1.0.1.tgz",
      "integrity": "sha1-ITJPSUrXGXMlBcgTQJnkFaxMPIE="
    },
    "typescript": {
      "version": "3.6.3",
      "resolved": "https://zuora.jfrog.io/zuora/api/npm/zuora-npm/typescript/-/typescript-3.6.3.tgz",
      "integrity": "sha1-/qlC+rsg9+HKcWT/Ym8anz9wtNo=",
      "dev": true
    }
  }
}
